
Microsoft Visual Studio Solution File, Format Version 12.00
Project("{FAE04EC0-301F-11D3-BF4B-00C04F79EFBC}") = "HumPsi.Project", "HumPsi.Project\HumPsi.Project.csproj", "{813E86DD-AC53-40EC-B4DF-4598F7BECD4A}"
EndProject
Project("{FAE04EC0-301F-11D3-BF4B-00C04F79EFBC}") = "HumPsi.Core", "HumPsi.Core\HumPsi.Core.csproj", "{8E58D66A-A164-4DE9-8565-21C352BF4DC8}"
EndProject
Project("{FAE04EC0-301F-11D3-BF4B-00C04F79EFBC}") = "HumPsi.DataAccess", "HumPsi.DataAccess\HumPsi.DataAccess.csproj", "{8C612954-96C2-45E2-8974-2E55A0C58FB0}"
EndProject
Project("{FAE04EC0-301F-11D3-BF4B-00C04F79EFBC}") = "HumPsi.Application", "HumPsi.Application\HumPsi.Application.csproj", "{8F93E8D8-E15C-4DEE-BF38-9A59637E3103}"
EndProject
Global
	GlobalSection(SolutionConfigurationPlatforms) = preSolution
		Debug|Any CPU = Debug|Any CPU
		Release|Any CPU = Release|Any CPU
	EndGlobalSection
	GlobalSection(ProjectConfigurationPlatforms) = postSolution
		{813E86DD-AC53-40EC-B4DF-4598F7BECD4A}.Debug|Any CPU.ActiveCfg = Debug|Any CPU
		{813E86DD-AC53-40EC-B4DF-4598F7BECD4A}.Debug|Any CPU.Build.0 = Debug|Any CPU
		{813E86DD-AC53-40EC-B4DF-4598F7BECD4A}.Release|Any CPU.ActiveCfg = Release|Any CPU
		{813E86DD-AC53-40EC-B4DF-4598F7BECD4A}.Release|Any CPU.Build.0 = Release|Any CPU
		{8E58D66A-A164-4DE9-8565-21C352BF4DC8}.Debug|Any CPU.ActiveCfg = Debug|Any CPU
		{8E58D66A-A164-4DE9-8565-21C352BF4DC8}.Debug|Any CPU.Build.0 = Debug|Any CPU
		{8E58D66A-A164-4DE9-8565-21C352BF4DC8}.Release|Any CPU.ActiveCfg = Release|Any CPU
		{8E58D66A-A164-4DE9-8565-21C352BF4DC8}.Release|Any CPU.Build.0 = Release|Any CPU
		{8C612954-96C2-45E2-8974-2E55A0C58FB0}.Debug|Any CPU.ActiveCfg = Debug|Any CPU
		{8C612954-96C2-45E2-8974-2E55A0C58FB0}.Debug|Any CPU.Build.0 = Debug|Any CPU
		{8C612954-96C2-45E2-8974-2E55A0C58FB0}.Release|Any CPU.ActiveCfg = Release|Any CPU
		{8C612954-96C2-45E2-8974-2E55A0C58FB0}.Release|Any CPU.Build.0 = Release|Any CPU
		{8F93E8D8-E15C-4DEE-BF38-9A59637E3103}.Debug|Any CPU.ActiveCfg = Debug|Any CPU
		{8F93E8D8-E15C-4DEE-BF38-9A59637E3103}.Debug|Any CPU.Build.0 = Debug|Any CPU
		{8F93E8D8-E15C-4DEE-BF38-9A59637E3103}.Release|Any CPU.ActiveCfg = Release|Any CPU
		{8F93E8D8-E15C-4DEE-BF38-9A59637E3103}.Release|Any CPU.Build.0 = Release|Any CPU
	EndGlobalSection
EndGlobal
